
Microsoft Visual Studio Solution File, Format Version 12.00
# Visual Studio Version 16
VisualStudioVersion = 16.0.30517.126
MinimumVisualStudioVersion = 10.0.40219.1
Project("{FAE04EC0-301F-11D3-BF4B-00C04F79EFBC}") = "Serialization", "Serialization\Serialization.csproj", "{F2CFDFB8-DB78-4ED1-A038-FC7CF8E31A74}"
EndProject
Global
	GlobalSection(SolutionConfigurationPlatforms) = preSolution
		Debug|Any CPU = Debug|Any CPU
		Release|Any CPU = Release|Any CPU
	EndGlobalSection
	GlobalSection(ProjectConfigurationPlatforms) = postSolution
		{F2CFDFB8-DB78-4ED1-A038-FC7CF8E31A74}.Debug|Any CPU.ActiveCfg = Debug|Any CPU
		{F2CFDFB8-DB78-4ED1-A038-FC7CF8E31A74}.Debug|Any CPU.Build.0 = Debug|Any CPU
		{F2CFDFB8-DB78-4ED1-A038-FC7CF8E31A74}.Release|Any CPU.ActiveCfg = Release|Any CPU
		{F2CFDFB8-DB78-4ED1-A038-FC7CF8E31A74}.Release|Any CPU.Build.0 = Release|Any CPU
	EndGlobalSection
	GlobalSection(SolutionProperties) = preSolution
		HideSolutionNode = FALSE
	EndGlobalSection
	GlobalSection(ExtensibilityGlobals) = postSolution
		SolutionGuid = {5845735D-5A98-43E7-AD2C-857BD724AF21}
	EndGlobalSection
EndGlobal
